
Microsoft Visual Studio Solution File, Format Version 12.00
# Visual Studio Version 17
VisualStudioVersion = 17.1.32319.34
MinimumVisualStudioVersion = 10.0.40219.1
Project("{FAE04EC0-301F-11D3-BF4B-00C04F79EFBC}") = "WaveaccessTask", "WaveaccessTask\WaveaccessTask.csproj", "{C42CFDBC-D777-4209-9498-42B92D46B5B2}"
EndProject
Global
	GlobalSection(SolutionConfigurationPlatforms) = preSolution
		Debug|Any CPU = Debug|Any CPU
		Release|Any CPU = Release|Any CPU
	EndGlobalSection
	GlobalSection(ProjectConfigurationPlatforms) = postSolution
		{C42CFDBC-D777-4209-9498-42B92D46B5B2}.Debug|Any CPU.ActiveCfg = Debug|Any CPU
		{C42CFDBC-D777-4209-9498-42B92D46B5B2}.Debug|Any CPU.Build.0 = Debug|Any CPU
		{C42CFDBC-D777-4209-9498-42B92D46B5B2}.Release|Any CPU.ActiveCfg = Release|Any CPU
		{C42CFDBC-D777-4209-9498-42B92D46B5B2}.Release|Any CPU.Build.0 = Release|Any CPU
	EndGlobalSection
	GlobalSection(SolutionProperties) = preSolution
		HideSolutionNode = FALSE
	EndGlobalSection
	GlobalSection(ExtensibilityGlobals) = postSolution
		SolutionGuid = {258FA136-715E-46FE-AA9E-B88B81257707}
	EndGlobalSection
EndGlobal
